{
  "name": "repro-dependency-fixture",
  "version": "1.0.0",
  "lockfileVersion": 3,
  "requires": true,
  "packages": {
    "": {
      "name": "repro-dependency-fixture",
      "version": "1.0.0",
      "dependencies": {
        "@repro/helper": "file:vendor/helper.tgz",
        "@repro/parser": "file:vendor/parser.tgz",
        "@repro/unused-a": "file:vendor/unused-a.tgz"
      },
      "devDependencies": {
        "@repro/unused-b": "file:vendor/unused-b.tgz"
      },
      "optionalDependencies": {
        "@repro/unused-c": "file:vendor/unused-c.tgz"
      }
    },
    "node_modules/@repro/helper": {
      "version": "1.0.0",
      "resolved": "file:vendor/helper.tgz",
      "integrity": "sha512-7fLz4yokoJuq5gSBjYljmT5F7D/rM3xWk5Urw7oing8ZzdSjfbDt5t3MRz2IpiP99X65YYhOLtePqSUcK2o7Sw=="
    },
    "node_modules/@repro/parser": {
      "version": "1.0.0",
      "resolved": "file:vendor/parser.tgz",
      "integrity": "sha512-CkO0e+1i+9VUwDIbRk0kbeoJQpjpfzBSm8mXUDk09OijpGXYM9Hnvi+504TGfwuI8N7fc7F5E3f09ARqJ/hw3A=="
    },
    "node_modules/@repro/unused-a": {
      "version": "1.0.0",
      "resolved": "file:vendor/unused-a.tgz",
      "integrity": "sha512-7Z5M9XPUbqwwEaX2axBBeirTxaoFstc/pFQo7cnPxjR3tB2Nx2FaLU/EM9EtAg54L6+wDb7FAFk5IYlLrOMmbw=="
    },
    "node_modules/@repro/unused-b": {
      "version": "1.0.0",
      "resolved": "file:vendor/unused-b.tgz",
      "integrity": "sha512-hdr+WL0aHG+E5j+/9HL3aTBbwy6Ow62kK+YVyqPGyOcxgbw00Noocp9/ooUA2g5BcmZkBCO2/5clLSiMF0Azrw==",
      "dev": true
    },
    "node_modules/@repro/unused-c": {
      "version": "1.0.0",
      "resolved": "file:vendor/unused-c.tgz",
      "integrity": "sha512-0a1E69dxe/8Y19GpdGcAGAskTgY+G2UiOZKMoV6s0jqZahx6Eo43DQd/59hHcw3SGxguyEIVCtXrWTQduELRqA==",
      "optional": true
    }
  }
}
